
Microsoft Visual Studio Solution File, Format Version 12.00
Project("{FAE04EC0-301F-11D3-BF4B-00C04F79EFBC}") = "DevIDE_HW", "DevIDE_HW.csproj", "{7AEFB03D-1FF0-4525-B820-3F57EDF10ECC}"
EndProject
Global
	GlobalSection(SolutionConfigurationPlatforms) = preSolution
		Debug|Any CPU = Debug|Any CPU
		Release|Any CPU = Release|Any CPU
	EndGlobalSection
	GlobalSection(ProjectConfigurationPlatforms) = postSolution
		{7AEFB03D-1FF0-4525-B820-3F57EDF10ECC}.Debug|Any CPU.ActiveCfg = Debug|Any CPU
		{7AEFB03D-1FF0-4525-B820-3F57EDF10ECC}.Debug|Any CPU.Build.0 = Debug|Any CPU
		{7AEFB03D-1FF0-4525-B820-3F57EDF10ECC}.Release|Any CPU.ActiveCfg = Release|Any CPU
		{7AEFB03D-1FF0-4525-B820-3F57EDF10ECC}.Release|Any CPU.Build.0 = Release|Any CPU
	EndGlobalSection
EndGlobal
